
Microsoft Visual Studio Solution File, Format Version 12.00
# Visual Studio Version 17
VisualStudioVersion = 17.4.33110.190
MinimumVisualStudioVersion = 10.0.40219.1
Project("{FAE04EC0-301F-11D3-BF4B-00C04F79EFBC}") = "CSharp_tasks", "CSharp_tasks\CSharp_tasks.csproj", "{D172BF09-4B81-43EE-9B77-D21ACB333CFF}"
EndProject
Global
	GlobalSection(SolutionConfigurationPlatforms) = preSolution
		Debug|Any CPU = Debug|Any CPU
		Release|Any CPU = Release|Any CPU
	EndGlobalSection
	GlobalSection(ProjectConfigurationPlatforms) = postSolution
		{D172BF09-4B81-43EE-9B77-D21ACB333CFF}.Debug|Any CPU.ActiveCfg = Debug|Any CPU
		{D172BF09-4B81-43EE-9B77-D21ACB333CFF}.Debug|Any CPU.Build.0 = Debug|Any CPU
		{D172BF09-4B81-43EE-9B77-D21ACB333CFF}.Release|Any CPU.ActiveCfg = Release|Any CPU
		{D172BF09-4B81-43EE-9B77-D21ACB333CFF}.Release|Any CPU.Build.0 = Release|Any CPU
	EndGlobalSection
	GlobalSection(SolutionProperties) = preSolution
		HideSolutionNode = FALSE
	EndGlobalSection
	GlobalSection(ExtensibilityGlobals) = postSolution
		SolutionGuid = {A486B1A0-61BB-4CED-B653-F9004175B5DD}
	EndGlobalSection
EndGlobal
