
Microsoft Visual Studio Solution File, Format Version 12.00
# Visual Studio Version 17
VisualStudioVersion = 17.4.33110.190
MinimumVisualStudioVersion = 10.0.40219.1
Project("{FAE04EC0-301F-11D3-BF4B-00C04F79EFBC}") = "task 22-11", "task 22-11\task 22-11.csproj", "{878FA742-D88B-4ADF-9540-08B2A6FE805E}"
EndProject
Global
	GlobalSection(SolutionConfigurationPlatforms) = preSolution
		Debug|Any CPU = Debug|Any CPU
		Release|Any CPU = Release|Any CPU
	EndGlobalSection
	GlobalSection(ProjectConfigurationPlatforms) = postSolution
		{878FA742-D88B-4ADF-9540-08B2A6FE805E}.Debug|Any CPU.ActiveCfg = Debug|Any CPU
		{878FA742-D88B-4ADF-9540-08B2A6FE805E}.Debug|Any CPU.Build.0 = Debug|Any CPU
		{878FA742-D88B-4ADF-9540-08B2A6FE805E}.Release|Any CPU.ActiveCfg = Release|Any CPU
		{878FA742-D88B-4ADF-9540-08B2A6FE805E}.Release|Any CPU.Build.0 = Release|Any CPU
	EndGlobalSection
	GlobalSection(SolutionProperties) = preSolution
		HideSolutionNode = FALSE
	EndGlobalSection
	GlobalSection(ExtensibilityGlobals) = postSolution
		SolutionGuid = {89684EA7-03F2-4C47-816D-620E9332CF5B}
	EndGlobalSection
EndGlobal
