
Microsoft Visual Studio Solution File, Format Version 12.00
# Visual Studio Version 17
VisualStudioVersion = 17.4.33110.190
MinimumVisualStudioVersion = 10.0.40219.1
Project("{FAE04EC0-301F-11D3-BF4B-00C04F79EFBC}") = "task 29", "task 29\task 29.csproj", "{F96160C8-8D3E-4A88-AEA6-AB9126F3234D}"
EndProject
Global
	GlobalSection(SolutionConfigurationPlatforms) = preSolution
		Debug|Any CPU = Debug|Any CPU
		Release|Any CPU = Release|Any CPU
	EndGlobalSection
	GlobalSection(ProjectConfigurationPlatforms) = postSolution
		{F96160C8-8D3E-4A88-AEA6-AB9126F3234D}.Debug|Any CPU.ActiveCfg = Debug|Any CPU
		{F96160C8-8D3E-4A88-AEA6-AB9126F3234D}.Debug|Any CPU.Build.0 = Debug|Any CPU
		{F96160C8-8D3E-4A88-AEA6-AB9126F3234D}.Release|Any CPU.ActiveCfg = Release|Any CPU
		{F96160C8-8D3E-4A88-AEA6-AB9126F3234D}.Release|Any CPU.Build.0 = Release|Any CPU
	EndGlobalSection
	GlobalSection(SolutionProperties) = preSolution
		HideSolutionNode = FALSE
	EndGlobalSection
	GlobalSection(ExtensibilityGlobals) = postSolution
		SolutionGuid = {408A10DD-B03E-4FB0-80A6-1E344465F074}
	EndGlobalSection
EndGlobal
